
Microsoft Visual Studio Solution File, Format Version 12.00
# Visual Studio Version 17
VisualStudioVersion = 17.14.36109.1 d17.14
MinimumVisualStudioVersion = 10.0.40219.1
Project("{FAE04EC0-301F-11D3-BF4B-00C04F79EFBC}") = "StorageApi", "StorageApi\StorageApi.csproj", "{A5238DC4-829B-4DFE-AE5D-710E4C54A47D}"
EndProject
Global
	GlobalSection(SolutionConfigurationPlatforms) = preSolution
		Debug|Any CPU = Debug|Any CPU
		Release|Any CPU = Release|Any CPU
	EndGlobalSection
	GlobalSection(ProjectConfigurationPlatforms) = postSolution
		{A5238DC4-829B-4DFE-AE5D-710E4C54A47D}.Debug|Any CPU.ActiveCfg = Debug|Any CPU
		{A5238DC4-829B-4DFE-AE5D-710E4C54A47D}.Debug|Any CPU.Build.0 = Debug|Any CPU
		{A5238DC4-829B-4DFE-AE5D-710E4C54A47D}.Release|Any CPU.ActiveCfg = Release|Any CPU
		{A5238DC4-829B-4DFE-AE5D-710E4C54A47D}.Release|Any CPU.Build.0 = Release|Any CPU
	EndGlobalSection
	GlobalSection(SolutionProperties) = preSolution
		HideSolutionNode = FALSE
	EndGlobalSection
	GlobalSection(ExtensibilityGlobals) = postSolution
		SolutionGuid = {211EB252-7974-4ACB-A8D2-E48D20ADC70F}
	EndGlobalSection
EndGlobal
